
Microsoft Visual Studio Solution File, Format Version 12.00
Project("{FAE04EC0-301F-11D3-BF4B-00C04F79EFBC}") = "BuilderFactory", "BuilderFactory\BuilderFactory.csproj", "{51BED0BF-C07D-4B4D-8C72-61CECBCAAFE1}"
EndProject
Project("{FAE04EC0-301F-11D3-BF4B-00C04F79EFBC}") = "BuilderFactory.Tests", "BuilderFactory.Tests\BuilderFactory.Tests.csproj", "{F544FBA5-EB0D-46E9-B9FF-D6CAF62291BF}"
EndProject
Global
	GlobalSection(SolutionConfigurationPlatforms) = preSolution
		Debug|Any CPU = Debug|Any CPU
		Release|Any CPU = Release|Any CPU
	EndGlobalSection
	GlobalSection(ProjectConfigurationPlatforms) = postSolution
		{51BED0BF-C07D-4B4D-8C72-61CECBCAAFE1}.Debug|Any CPU.ActiveCfg = Debug|Any CPU
		{51BED0BF-C07D-4B4D-8C72-61CECBCAAFE1}.Debug|Any CPU.Build.0 = Debug|Any CPU
		{51BED0BF-C07D-4B4D-8C72-61CECBCAAFE1}.Release|Any CPU.ActiveCfg = Release|Any CPU
		{51BED0BF-C07D-4B4D-8C72-61CECBCAAFE1}.Release|Any CPU.Build.0 = Release|Any CPU
		{F544FBA5-EB0D-46E9-B9FF-D6CAF62291BF}.Debug|Any CPU.ActiveCfg = Debug|Any CPU
		{F544FBA5-EB0D-46E9-B9FF-D6CAF62291BF}.Debug|Any CPU.Build.0 = Debug|Any CPU
		{F544FBA5-EB0D-46E9-B9FF-D6CAF62291BF}.Release|Any CPU.ActiveCfg = Release|Any CPU
		{F544FBA5-EB0D-46E9-B9FF-D6CAF62291BF}.Release|Any CPU.Build.0 = Release|Any CPU
	EndGlobalSection
EndGlobal
